
Microsoft Visual Studio Solution File, Format Version 12.00
# Visual Studio Version 17
VisualStudioVersion = 17.5.33516.290
MinimumVisualStudioVersion = 10.0.40219.1
Project("{FAE04EC0-301F-11D3-BF4B-00C04F79EFBC}") = "BiometricsAPI", "BiometricsAPI\BiometricsAPI.csproj", "{169FE320-8F4E-4E14-9B18-DE629B44D7E9}"
EndProject
Global
	GlobalSection(SolutionConfigurationPlatforms) = preSolution
		Debug|Any CPU = Debug|Any CPU
		Release|Any CPU = Release|Any CPU
	EndGlobalSection
	GlobalSection(ProjectConfigurationPlatforms) = postSolution
		{169FE320-8F4E-4E14-9B18-DE629B44D7E9}.Debug|Any CPU.ActiveCfg = Debug|Any CPU
		{169FE320-8F4E-4E14-9B18-DE629B44D7E9}.Debug|Any CPU.Build.0 = Debug|Any CPU
		{169FE320-8F4E-4E14-9B18-DE629B44D7E9}.Release|Any CPU.ActiveCfg = Release|Any CPU
		{169FE320-8F4E-4E14-9B18-DE629B44D7E9}.Release|Any CPU.Build.0 = Release|Any CPU
	EndGlobalSection
	GlobalSection(SolutionProperties) = preSolution
		HideSolutionNode = FALSE
	EndGlobalSection
	GlobalSection(ExtensibilityGlobals) = postSolution
		SolutionGuid = {FBF7750C-C16C-4627-93AD-656F18175F4B}
	EndGlobalSection
EndGlobal
